
Microsoft Visual Studio Solution File, Format Version 12.00
# Visual Studio Version 17
VisualStudioVersion = 17.14.36511.14 d17.14
MinimumVisualStudioVersion = 10.0.40219.1
Project("{FAE04EC0-301F-11D3-BF4B-00C04F79EFBC}") = "POS_Backend", "POS_Backend\POS_Backend.csproj", "{44F5C82A-A580-48B6-8409-8DFF3DE59C6F}"
EndProject
Global
	GlobalSection(SolutionConfigurationPlatforms) = preSolution
		Debug|Any CPU = Debug|Any CPU
		Release|Any CPU = Release|Any CPU
	EndGlobalSection
	GlobalSection(ProjectConfigurationPlatforms) = postSolution
		{44F5C82A-A580-48B6-8409-8DFF3DE59C6F}.Debug|Any CPU.ActiveCfg = Debug|Any CPU
		{44F5C82A-A580-48B6-8409-8DFF3DE59C6F}.Debug|Any CPU.Build.0 = Debug|Any CPU
		{44F5C82A-A580-48B6-8409-8DFF3DE59C6F}.Release|Any CPU.ActiveCfg = Release|Any CPU
		{44F5C82A-A580-48B6-8409-8DFF3DE59C6F}.Release|Any CPU.Build.0 = Release|Any CPU
	EndGlobalSection
	GlobalSection(SolutionProperties) = preSolution
		HideSolutionNode = FALSE
	EndGlobalSection
	GlobalSection(ExtensibilityGlobals) = postSolution
		SolutionGuid = {9E134004-7F02-47FB-9D00-7956C337BB0F}
	EndGlobalSection
EndGlobal
